{
    "_meta": {
        "hash": {
            "sha256": "d5078a5821fcd9bca13902923b78dc39e4245cd301f3e92a43d37c4efb3654e9"
        },
        "pipfile-spec": 6,
        "requires": {
            "python_version": "3.10"
        },
        "sources": [
            {
                "name": "pypi",
                "url": "https://pypi.org/simple",
                "verify_ssl": true
            }
        ]
    },
    "default": {
        "pydicom": {
            "hashes": [
                "sha256:8ff31e077cc51d19ac3b8ca988ac486099cdebfaf885989079fdc7c75068cdd8",
                "sha256:dbfa081c9ad9ac8ff8a8efbd71784104db9eecf02fd775f7d7773f2183f89386"
            ],
            "index": "pypi",
            "version": "==2.3.0"
        },
        "tqdm": {
            "hashes": [
                "sha256:40be55d30e200777a307a7585aee69e4eabb46b4ec6a4b4a5f2d9f11e7d5408d",
                "sha256:74a2cdefe14d11442cedf3ba4e21a3b84ff9a2dbdc6cfae2c34addb2a14a5ea6"
            ],
            "index": "pypi",
            "version": "==4.64.0"
        }
    },
    "develop": {}
}
